
Microsoft Visual Studio Solution File, Format Version 12.00
# Visual Studio Version 17
VisualStudioVersion = 17.11.35312.102
MinimumVisualStudioVersion = 10.0.40219.1
Project("{FAE04EC0-301F-11D3-BF4B-00C04F79EFBC}") = "Smart Utube", "Smart Utube.csproj", "{B7BAA010-71E2-4F57-87D0-BC633A9E2EFE}"
EndProject
Global
	GlobalSection(SolutionConfigurationPlatforms) = preSolution
		Debug|Any CPU = Debug|Any CPU
		Release|Any CPU = Release|Any CPU
	EndGlobalSection
	GlobalSection(ProjectConfigurationPlatforms) = postSolution
		{B7BAA010-71E2-4F57-87D0-BC633A9E2EFE}.Debug|Any CPU.ActiveCfg = Debug|Any CPU
		{B7BAA010-71E2-4F57-87D0-BC633A9E2EFE}.Debug|Any CPU.Build.0 = Debug|Any CPU
		{B7BAA010-71E2-4F57-87D0-BC633A9E2EFE}.Release|Any CPU.ActiveCfg = Release|Any CPU
		{B7BAA010-71E2-4F57-87D0-BC633A9E2EFE}.Release|Any CPU.Build.0 = Release|Any CPU
	EndGlobalSection
	GlobalSection(SolutionProperties) = preSolution
		HideSolutionNode = FALSE
	EndGlobalSection
	GlobalSection(ExtensibilityGlobals) = postSolution
		SolutionGuid = {C35C8A88-A726-4A2A-8E70-C638837E2896}
	EndGlobalSection
EndGlobal
